
Microsoft Visual Studio Solution File, Format Version 12.00
# Visual Studio Version 17
VisualStudioVersion = 17.14.36623.8 d17.14
MinimumVisualStudioVersion = 10.0.40219.1
Project("{FAE04EC0-301F-11D3-BF4B-00C04F79EFBC}") = "GrpcServer", "GrpcServer\GrpcServer.csproj", "{AB2EB565-10B6-4D55-A6F6-7F116A7FB010}"
EndProject
Project("{FAE04EC0-301F-11D3-BF4B-00C04F79EFBC}") = "OrderService", "OrderService\OrderService.csproj", "{9DCB0EF0-F7E1-489C-98D7-32146D4FBE61}"
EndProject
Global
	GlobalSection(SolutionConfigurationPlatforms) = preSolution
		Debug|Any CPU = Debug|Any CPU
		Release|Any CPU = Release|Any CPU
	EndGlobalSection
	GlobalSection(ProjectConfigurationPlatforms) = postSolution
		{AB2EB565-10B6-4D55-A6F6-7F116A7FB010}.Debug|Any CPU.ActiveCfg = Debug|Any CPU
		{AB2EB565-10B6-4D55-A6F6-7F116A7FB010}.Debug|Any CPU.Build.0 = Debug|Any CPU
		{AB2EB565-10B6-4D55-A6F6-7F116A7FB010}.Release|Any CPU.ActiveCfg = Release|Any CPU
		{AB2EB565-10B6-4D55-A6F6-7F116A7FB010}.Release|Any CPU.Build.0 = Release|Any CPU
		{9DCB0EF0-F7E1-489C-98D7-32146D4FBE61}.Debug|Any CPU.ActiveCfg = Debug|Any CPU
		{9DCB0EF0-F7E1-489C-98D7-32146D4FBE61}.Debug|Any CPU.Build.0 = Debug|Any CPU
		{9DCB0EF0-F7E1-489C-98D7-32146D4FBE61}.Release|Any CPU.ActiveCfg = Release|Any CPU
		{9DCB0EF0-F7E1-489C-98D7-32146D4FBE61}.Release|Any CPU.Build.0 = Release|Any CPU
	EndGlobalSection
	GlobalSection(SolutionProperties) = preSolution
		HideSolutionNode = FALSE
	EndGlobalSection
	GlobalSection(ExtensibilityGlobals) = postSolution
		SolutionGuid = {580C59FE-8264-4FE9-AF52-EC7E00FC439E}
	EndGlobalSection
EndGlobal
