
Microsoft Visual Studio Solution File, Format Version 12.00
# Visual Studio Version 17
VisualStudioVersion = 17.14.36623.8 d17.14
MinimumVisualStudioVersion = 10.0.40219.1
Project("{FAE04EC0-301F-11D3-BF4B-00C04F79EFBC}") = "Masstransit.Introduce", "Masstransit.Introduce\Masstransit.Introduce.csproj", "{8108A83E-64CC-4AE8-825E-A4274AAB157E}"
EndProject
Project("{FAE04EC0-301F-11D3-BF4B-00C04F79EFBC}") = "Masstransit.Contract", "Masstransit.Contract\Masstransit.Contract.csproj", "{A180EA3F-3FF5-4A7C-8FFB-CFB213299484}"
EndProject
Project("{FAE04EC0-301F-11D3-BF4B-00C04F79EFBC}") = "Masstransit.Consumer.API", "Masstransit.Consumer.API\Masstransit.Consumer.API.csproj", "{5B4CC6AE-BFA9-4F52-B8DC-3336C325AECF}"
EndProject
Global
	GlobalSection(SolutionConfigurationPlatforms) = preSolution
		Debug|Any CPU = Debug|Any CPU
		Release|Any CPU = Release|Any CPU
	EndGlobalSection
	GlobalSection(ProjectConfigurationPlatforms) = postSolution
		{8108A83E-64CC-4AE8-825E-A4274AAB157E}.Debug|Any CPU.ActiveCfg = Debug|Any CPU
		{8108A83E-64CC-4AE8-825E-A4274AAB157E}.Debug|Any CPU.Build.0 = Debug|Any CPU
		{8108A83E-64CC-4AE8-825E-A4274AAB157E}.Release|Any CPU.ActiveCfg = Release|Any CPU
		{8108A83E-64CC-4AE8-825E-A4274AAB157E}.Release|Any CPU.Build.0 = Release|Any CPU
		{A180EA3F-3FF5-4A7C-8FFB-CFB213299484}.Debug|Any CPU.ActiveCfg = Debug|Any CPU
		{A180EA3F-3FF5-4A7C-8FFB-CFB213299484}.Debug|Any CPU.Build.0 = Debug|Any CPU
		{A180EA3F-3FF5-4A7C-8FFB-CFB213299484}.Release|Any CPU.ActiveCfg = Release|Any CPU
		{A180EA3F-3FF5-4A7C-8FFB-CFB213299484}.Release|Any CPU.Build.0 = Release|Any CPU
		{5B4CC6AE-BFA9-4F52-B8DC-3336C325AECF}.Debug|Any CPU.ActiveCfg = Debug|Any CPU
		{5B4CC6AE-BFA9-4F52-B8DC-3336C325AECF}.Debug|Any CPU.Build.0 = Debug|Any CPU
		{5B4CC6AE-BFA9-4F52-B8DC-3336C325AECF}.Release|Any CPU.ActiveCfg = Release|Any CPU
		{5B4CC6AE-BFA9-4F52-B8DC-3336C325AECF}.Release|Any CPU.Build.0 = Release|Any CPU
	EndGlobalSection
	GlobalSection(SolutionProperties) = preSolution
		HideSolutionNode = FALSE
	EndGlobalSection
	GlobalSection(ExtensibilityGlobals) = postSolution
		SolutionGuid = {E0C0DF47-B347-4F92-BA5C-0062B01971CD}
	EndGlobalSection
EndGlobal
